
Microsoft Visual Studio Solution File, Format Version 12.00
# Visual Studio Version 17
VisualStudioVersion = 17.7.34031.279
MinimumVisualStudioVersion = 10.0.40219.1
Project("{FAE04EC0-301F-11D3-BF4B-00C04F79EFBC}") = "A100", "A100\A100.csproj", "{D43A9417-545C-4982-A6F4-BE3F8E15AF07}"
EndProject
Project("{FAE04EC0-301F-11D3-BF4B-00C04F79EFBC}") = "A101", "A101\A101.csproj", "{78BC0096-4319-4CC0-B332-67CBEBD11D46}"
EndProject
Project("{FAE04EC0-301F-11D3-BF4B-00C04F79EFBC}") = "A102", "A102\A102.csproj", "{29BDB776-8F1D-443A-BCAD-99BFB40708C1}"
EndProject
Project("{FAE04EC0-301F-11D3-BF4B-00C04F79EFBC}") = "A103", "A103\A103.csproj", "{9EAD4C2E-9B4A-4C6F-8ED9-661967B1B56B}"
EndProject
Project("{FAE04EC0-301F-11D3-BF4B-00C04F79EFBC}") = "A104", "A104\A104.csproj", "{35BBC24F-E1E8-4AAF-8D1C-9CF6925D5C3D}"
EndProject
Project("{FAE04EC0-301F-11D3-BF4B-00C04F79EFBC}") = "A106", "A106\A106.csproj", "{AF51363D-B316-4F16-BD42-E924B2B586B7}"
EndProject
Project("{FAE04EC0-301F-11D3-BF4B-00C04F79EFBC}") = "A107", "A107\A107.csproj", "{36B1B402-2550-4323-9837-8B71629F3FBA}"
EndProject
Project("{FAE04EC0-301F-11D3-BF4B-00C04F79EFBC}") = "A108", "A108\A108.csproj", "{15A42083-81AF-44CC-B905-E457E51F2C7B}"
EndProject
Project("{FAE04EC0-301F-11D3-BF4B-00C04F79EFBC}") = "A109", "A109\A109.csproj", "{93F5475A-B95A-4029-84B5-68CDDA6AF0FB}"
EndProject
Project("{FAE04EC0-301F-11D3-BF4B-00C04F79EFBC}") = "test-bed", "test-bed\test-bed.csproj", "{0E5C8548-D5A1-4D40-94D4-08C9B5D8BD99}"
EndProject
Project("{FAE04EC0-301F-11D3-BF4B-00C04F79EFBC}") = "A111", "A111\A111.csproj", "{753EE23A-C3A0-4D93-9438-67497B92E609}"
EndProject
Project("{FAE04EC0-301F-11D3-BF4B-00C04F79EFBC}") = "A112", "A112\A112.csproj", "{040E9A28-1A5B-46AC-BE3E-11B3047A3590}"
EndProject
Project("{FAE04EC0-301F-11D3-BF4B-00C04F79EFBC}") = "A113", "A113\A113.csproj", "{8F8941E4-A7E7-4CE8-96F9-77580BD5402D}"
EndProject
Project("{FAE04EC0-301F-11D3-BF4B-00C04F79EFBC}") = "A113 - Part 2", "A113 - Part 2\A113 - Part 2.csproj", "{C5087F31-DF96-4B13-965B-41EFA9327E57}"
EndProject
Project("{FAE04EC0-301F-11D3-BF4B-00C04F79EFBC}") = "A114", "A114\A114.csproj", "{1F1EE3EC-ED29-4E20-87F3-BECBED144783}"
EndProject
Project("{FAE04EC0-301F-11D3-BF4B-00C04F79EFBC}") = "A115", "A115\A115.csproj", "{D604711A-AB2F-4C13-A456-901B3994ED52}"
EndProject
Project("{FAE04EC0-301F-11D3-BF4B-00C04F79EFBC}") = "A116", "A116\A116.csproj", "{7D9B6D63-D8D7-4E6D-84DE-3E8220FDF269}"
EndProject
Global
	GlobalSection(SolutionConfigurationPlatforms) = preSolution
		Debug|Any CPU = Debug|Any CPU
		Release|Any CPU = Release|Any CPU
	EndGlobalSection
	GlobalSection(ProjectConfigurationPlatforms) = postSolution
		{D43A9417-545C-4982-A6F4-BE3F8E15AF07}.Debug|Any CPU.ActiveCfg = Debug|Any CPU
		{D43A9417-545C-4982-A6F4-BE3F8E15AF07}.Debug|Any CPU.Build.0 = Debug|Any CPU
		{D43A9417-545C-4982-A6F4-BE3F8E15AF07}.Release|Any CPU.ActiveCfg = Release|Any CPU
		{D43A9417-545C-4982-A6F4-BE3F8E15AF07}.Release|Any CPU.Build.0 = Release|Any CPU
		{78BC0096-4319-4CC0-B332-67CBEBD11D46}.Debug|Any CPU.ActiveCfg = Debug|Any CPU
		{78BC0096-4319-4CC0-B332-67CBEBD11D46}.Debug|Any CPU.Build.0 = Debug|Any CPU
		{78BC0096-4319-4CC0-B332-67CBEBD11D46}.Release|Any CPU.ActiveCfg = Release|Any CPU
		{78BC0096-4319-4CC0-B332-67CBEBD11D46}.Release|Any CPU.Build.0 = Release|Any CPU
		{29BDB776-8F1D-443A-BCAD-99BFB40708C1}.Debug|Any CPU.ActiveCfg = Debug|Any CPU
		{29BDB776-8F1D-443A-BCAD-99BFB40708C1}.Debug|Any CPU.Build.0 = Debug|Any CPU
		{29BDB776-8F1D-443A-BCAD-99BFB40708C1}.Release|Any CPU.ActiveCfg = Release|Any CPU
		{29BDB776-8F1D-443A-BCAD-99BFB40708C1}.Release|Any CPU.Build.0 = Release|Any CPU
		{9EAD4C2E-9B4A-4C6F-8ED9-661967B1B56B}.Debug|Any CPU.ActiveCfg = Debug|Any CPU
		{9EAD4C2E-9B4A-4C6F-8ED9-661967B1B56B}.Debug|Any CPU.Build.0 = Debug|Any CPU
		{9EAD4C2E-9B4A-4C6F-8ED9-661967B1B56B}.Release|Any CPU.ActiveCfg = Release|Any CPU
		{9EAD4C2E-9B4A-4C6F-8ED9-661967B1B56B}.Release|Any CPU.Build.0 = Release|Any CPU
		{35BBC24F-E1E8-4AAF-8D1C-9CF6925D5C3D}.Debug|Any CPU.ActiveCfg = Debug|Any CPU
		{35BBC24F-E1E8-4AAF-8D1C-9CF6925D5C3D}.Debug|Any CPU.Build.0 = Debug|Any CPU
		{35BBC24F-E1E8-4AAF-8D1C-9CF6925D5C3D}.Release|Any CPU.ActiveCfg = Release|Any CPU
		{35BBC24F-E1E8-4AAF-8D1C-9CF6925D5C3D}.Release|Any CPU.Build.0 = Release|Any CPU
		{AF51363D-B316-4F16-BD42-E924B2B586B7}.Debug|Any CPU.ActiveCfg = Debug|Any CPU
		{AF51363D-B316-4F16-BD42-E924B2B586B7}.Debug|Any CPU.Build.0 = Debug|Any CPU
		{AF51363D-B316-4F16-BD42-E924B2B586B7}.Release|Any CPU.ActiveCfg = Release|Any CPU
		{AF51363D-B316-4F16-BD42-E924B2B586B7}.Release|Any CPU.Build.0 = Release|Any CPU
		{36B1B402-2550-4323-9837-8B71629F3FBA}.Debug|Any CPU.ActiveCfg = Debug|Any CPU
		{36B1B402-2550-4323-9837-8B71629F3FBA}.Debug|Any CPU.Build.0 = Debug|Any CPU
		{36B1B402-2550-4323-9837-8B71629F3FBA}.Release|Any CPU.ActiveCfg = Release|Any CPU
		{36B1B402-2550-4323-9837-8B71629F3FBA}.Release|Any CPU.Build.0 = Release|Any CPU
		{15A42083-81AF-44CC-B905-E457E51F2C7B}.Debug|Any CPU.ActiveCfg = Debug|Any CPU
		{15A42083-81AF-44CC-B905-E457E51F2C7B}.Debug|Any CPU.Build.0 = Debug|Any CPU
		{15A42083-81AF-44CC-B905-E457E51F2C7B}.Release|Any CPU.ActiveCfg = Release|Any CPU
		{15A42083-81AF-44CC-B905-E457E51F2C7B}.Release|Any CPU.Build.0 = Release|Any CPU
		{93F5475A-B95A-4029-84B5-68CDDA6AF0FB}.Debug|Any CPU.ActiveCfg = Debug|Any CPU
		{93F5475A-B95A-4029-84B5-68CDDA6AF0FB}.Debug|Any CPU.Build.0 = Debug|Any CPU
		{93F5475A-B95A-4029-84B5-68CDDA6AF0FB}.Release|Any CPU.ActiveCfg = Release|Any CPU
		{93F5475A-B95A-4029-84B5-68CDDA6AF0FB}.Release|Any CPU.Build.0 = Release|Any CPU
		{0E5C8548-D5A1-4D40-94D4-08C9B5D8BD99}.Debug|Any CPU.ActiveCfg = Debug|Any CPU
		{0E5C8548-D5A1-4D40-94D4-08C9B5D8BD99}.Debug|Any CPU.Build.0 = Debug|Any CPU
		{0E5C8548-D5A1-4D40-94D4-08C9B5D8BD99}.Release|Any CPU.ActiveCfg = Release|Any CPU
		{0E5C8548-D5A1-4D40-94D4-08C9B5D8BD99}.Release|Any CPU.Build.0 = Release|Any CPU
		{753EE23A-C3A0-4D93-9438-67497B92E609}.Debug|Any CPU.ActiveCfg = Debug|Any CPU
		{753EE23A-C3A0-4D93-9438-67497B92E609}.Debug|Any CPU.Build.0 = Debug|Any CPU
		{753EE23A-C3A0-4D93-9438-67497B92E609}.Release|Any CPU.ActiveCfg = Release|Any CPU
		{753EE23A-C3A0-4D93-9438-67497B92E609}.Release|Any CPU.Build.0 = Release|Any CPU
		{040E9A28-1A5B-46AC-BE3E-11B3047A3590}.Debug|Any CPU.ActiveCfg = Debug|Any CPU
		{040E9A28-1A5B-46AC-BE3E-11B3047A3590}.Debug|Any CPU.Build.0 = Debug|Any CPU
		{040E9A28-1A5B-46AC-BE3E-11B3047A3590}.Release|Any CPU.ActiveCfg = Release|Any CPU
		{040E9A28-1A5B-46AC-BE3E-11B3047A3590}.Release|Any CPU.Build.0 = Release|Any CPU
		{8F8941E4-A7E7-4CE8-96F9-77580BD5402D}.Debug|Any CPU.ActiveCfg = Debug|Any CPU
		{8F8941E4-A7E7-4CE8-96F9-77580BD5402D}.Debug|Any CPU.Build.0 = Debug|Any CPU
		{8F8941E4-A7E7-4CE8-96F9-77580BD5402D}.Release|Any CPU.ActiveCfg = Release|Any CPU
		{8F8941E4-A7E7-4CE8-96F9-77580BD5402D}.Release|Any CPU.Build.0 = Release|Any CPU
		{C5087F31-DF96-4B13-965B-41EFA9327E57}.Debug|Any CPU.ActiveCfg = Debug|Any CPU
		{C5087F31-DF96-4B13-965B-41EFA9327E57}.Debug|Any CPU.Build.0 = Debug|Any CPU
		{C5087F31-DF96-4B13-965B-41EFA9327E57}.Release|Any CPU.ActiveCfg = Release|Any CPU
		{C5087F31-DF96-4B13-965B-41EFA9327E57}.Release|Any CPU.Build.0 = Release|Any CPU
		{1F1EE3EC-ED29-4E20-87F3-BECBED144783}.Debug|Any CPU.ActiveCfg = Debug|Any CPU
		{1F1EE3EC-ED29-4E20-87F3-BECBED144783}.Debug|Any CPU.Build.0 = Debug|Any CPU
		{1F1EE3EC-ED29-4E20-87F3-BECBED144783}.Release|Any CPU.ActiveCfg = Release|Any CPU
		{1F1EE3EC-ED29-4E20-87F3-BECBED144783}.Release|Any CPU.Build.0 = Release|Any CPU
		{D604711A-AB2F-4C13-A456-901B3994ED52}.Debug|Any CPU.ActiveCfg = Debug|Any CPU
		{D604711A-AB2F-4C13-A456-901B3994ED52}.Debug|Any CPU.Build.0 = Debug|Any CPU
		{D604711A-AB2F-4C13-A456-901B3994ED52}.Release|Any CPU.ActiveCfg = Release|Any CPU
		{D604711A-AB2F-4C13-A456-901B3994ED52}.Release|Any CPU.Build.0 = Release|Any CPU
		{7D9B6D63-D8D7-4E6D-84DE-3E8220FDF269}.Debug|Any CPU.ActiveCfg = Debug|Any CPU
		{7D9B6D63-D8D7-4E6D-84DE-3E8220FDF269}.Debug|Any CPU.Build.0 = Debug|Any CPU
		{7D9B6D63-D8D7-4E6D-84DE-3E8220FDF269}.Release|Any CPU.ActiveCfg = Release|Any CPU
		{7D9B6D63-D8D7-4E6D-84DE-3E8220FDF269}.Release|Any CPU.Build.0 = Release|Any CPU
	EndGlobalSection
	GlobalSection(SolutionProperties) = preSolution
		HideSolutionNode = FALSE
	EndGlobalSection
	GlobalSection(ExtensibilityGlobals) = postSolution
		SolutionGuid = {22B1CF13-D721-4D4A-956B-ED708D4FFAC5}
	EndGlobalSection
EndGlobal
